
Microsoft Visual Studio Solution File, Format Version 12.00
# Visual Studio Version 17
VisualStudioVersion = 17.1.32328.378
MinimumVisualStudioVersion = 10.0.40219.1
Project("{FAE04EC0-301F-11D3-BF4B-00C04F79EFBC}") = "WaterAPI", "WaterAPI\WaterAPI.csproj", "{8B16885A-63A3-48EA-BF8A-FC1F38636385}"
EndProject
Global
	GlobalSection(SolutionConfigurationPlatforms) = preSolution
		Debug|Any CPU = Debug|Any CPU
		Release|Any CPU = Release|Any CPU
	EndGlobalSection
	GlobalSection(ProjectConfigurationPlatforms) = postSolution
		{8B16885A-63A3-48EA-BF8A-FC1F38636385}.Debug|Any CPU.ActiveCfg = Debug|Any CPU
		{8B16885A-63A3-48EA-BF8A-FC1F38636385}.Debug|Any CPU.Build.0 = Debug|Any CPU
		{8B16885A-63A3-48EA-BF8A-FC1F38636385}.Release|Any CPU.ActiveCfg = Release|Any CPU
		{8B16885A-63A3-48EA-BF8A-FC1F38636385}.Release|Any CPU.Build.0 = Release|Any CPU
	EndGlobalSection
	GlobalSection(SolutionProperties) = preSolution
		HideSolutionNode = FALSE
	EndGlobalSection
	GlobalSection(ExtensibilityGlobals) = postSolution
		SolutionGuid = {7C576455-E245-4283-A3AD-4E7E44394E23}
	EndGlobalSection
EndGlobal
